
Microsoft Visual Studio Solution File, Format Version 12.00
# Visual Studio Version 16
VisualStudioVersion = 25.0.1706.1
MinimumVisualStudioVersion = 10.0.40219.1
Project("{FAE04EC0-301F-11D3-BF4B-00C04F79EFBC}") = "Event.Application", "Event.Application\Event.Application.csproj", "{BB72B1F0-9984-45EA-9D6E-E8CBE6611D7C}"
EndProject
Project("{FAE04EC0-301F-11D3-BF4B-00C04F79EFBC}") = "Events.Api", "Events.Api\Events.Api.csproj", "{DA1D6595-26F3-4192-B296-A69308DED83A}"
EndProject
Project("{FAE04EC0-301F-11D3-BF4B-00C04F79EFBC}") = "Events.Api.Test", "Events.Api.Test\Events.Api.Test.csproj", "{18F92F3B-AE0F-42AC-988B-C84D731C4C38}"
EndProject
Global
	GlobalSection(SolutionConfigurationPlatforms) = preSolution
		Debug|Any CPU = Debug|Any CPU
		Release|Any CPU = Release|Any CPU
	EndGlobalSection
	GlobalSection(ProjectConfigurationPlatforms) = postSolution
		{BB72B1F0-9984-45EA-9D6E-E8CBE6611D7C}.Debug|Any CPU.ActiveCfg = Debug|Any CPU
		{BB72B1F0-9984-45EA-9D6E-E8CBE6611D7C}.Debug|Any CPU.Build.0 = Debug|Any CPU
		{BB72B1F0-9984-45EA-9D6E-E8CBE6611D7C}.Release|Any CPU.ActiveCfg = Release|Any CPU
		{BB72B1F0-9984-45EA-9D6E-E8CBE6611D7C}.Release|Any CPU.Build.0 = Release|Any CPU
		{DA1D6595-26F3-4192-B296-A69308DED83A}.Debug|Any CPU.ActiveCfg = Debug|Any CPU
		{DA1D6595-26F3-4192-B296-A69308DED83A}.Debug|Any CPU.Build.0 = Debug|Any CPU
		{DA1D6595-26F3-4192-B296-A69308DED83A}.Release|Any CPU.ActiveCfg = Release|Any CPU
		{DA1D6595-26F3-4192-B296-A69308DED83A}.Release|Any CPU.Build.0 = Release|Any CPU
		{18F92F3B-AE0F-42AC-988B-C84D731C4C38}.Debug|Any CPU.ActiveCfg = Debug|Any CPU
		{18F92F3B-AE0F-42AC-988B-C84D731C4C38}.Debug|Any CPU.Build.0 = Debug|Any CPU
		{18F92F3B-AE0F-42AC-988B-C84D731C4C38}.Release|Any CPU.ActiveCfg = Release|Any CPU
		{18F92F3B-AE0F-42AC-988B-C84D731C4C38}.Release|Any CPU.Build.0 = Release|Any CPU
	EndGlobalSection
	GlobalSection(SolutionProperties) = preSolution
		HideSolutionNode = FALSE
	EndGlobalSection
	GlobalSection(ExtensibilityGlobals) = postSolution
		SolutionGuid = {E7389926-9D60-46B3-995E-44A15FC16B67}
	EndGlobalSection
EndGlobal
